
Microsoft Visual Studio Solution File, Format Version 12.00
# Visual Studio Version 17
VisualStudioVersion = 17.4.33213.308
MinimumVisualStudioVersion = 10.0.40219.1
Project("{FAE04EC0-301F-11D3-BF4B-00C04F79EFBC}") = "Lesson03_01.02.2023", "Lesson03_01.02.2023\Lesson03_01.02.2023.csproj", "{83823124-1ED6-45D3-AA0A-8E713D0EC2A5}"
EndProject
Project("{9A19103F-16F7-4668-BE54-9A1E7A4F7556}") = "Task02", "Task2\Task02.csproj", "{12C51851-B9E5-455B-9B67-2F6A45A494A7}"
EndProject
Project("{FAE04EC0-301F-11D3-BF4B-00C04F79EFBC}") = "Task03", "Task03\Task03.csproj", "{B539ED1F-9085-4A3C-93AF-FE02A9EE08DE}"
EndProject
Project("{FAE04EC0-301F-11D3-BF4B-00C04F79EFBC}") = "Task04", "Task04\Task04.csproj", "{8DB80E3E-1B7E-4F6F-83BE-D1DD24BAE5AE}"
EndProject
Project("{FAE04EC0-301F-11D3-BF4B-00C04F79EFBC}") = "Task05", "Task05\Task05.csproj", "{198A2ABF-1CB7-4172-A700-DC36C2D63B44}"
EndProject
Global
	GlobalSection(SolutionConfigurationPlatforms) = preSolution
		Debug|Any CPU = Debug|Any CPU
		Release|Any CPU = Release|Any CPU
	EndGlobalSection
	GlobalSection(ProjectConfigurationPlatforms) = postSolution
		{83823124-1ED6-45D3-AA0A-8E713D0EC2A5}.Debug|Any CPU.ActiveCfg = Debug|Any CPU
		{83823124-1ED6-45D3-AA0A-8E713D0EC2A5}.Debug|Any CPU.Build.0 = Debug|Any CPU
		{83823124-1ED6-45D3-AA0A-8E713D0EC2A5}.Release|Any CPU.ActiveCfg = Release|Any CPU
		{83823124-1ED6-45D3-AA0A-8E713D0EC2A5}.Release|Any CPU.Build.0 = Release|Any CPU
		{12C51851-B9E5-455B-9B67-2F6A45A494A7}.Debug|Any CPU.ActiveCfg = Debug|Any CPU
		{12C51851-B9E5-455B-9B67-2F6A45A494A7}.Debug|Any CPU.Build.0 = Debug|Any CPU
		{12C51851-B9E5-455B-9B67-2F6A45A494A7}.Release|Any CPU.ActiveCfg = Release|Any CPU
		{12C51851-B9E5-455B-9B67-2F6A45A494A7}.Release|Any CPU.Build.0 = Release|Any CPU
		{B539ED1F-9085-4A3C-93AF-FE02A9EE08DE}.Debug|Any CPU.ActiveCfg = Debug|Any CPU
		{B539ED1F-9085-4A3C-93AF-FE02A9EE08DE}.Debug|Any CPU.Build.0 = Debug|Any CPU
		{B539ED1F-9085-4A3C-93AF-FE02A9EE08DE}.Release|Any CPU.ActiveCfg = Release|Any CPU
		{B539ED1F-9085-4A3C-93AF-FE02A9EE08DE}.Release|Any CPU.Build.0 = Release|Any CPU
		{8DB80E3E-1B7E-4F6F-83BE-D1DD24BAE5AE}.Debug|Any CPU.ActiveCfg = Debug|Any CPU
		{8DB80E3E-1B7E-4F6F-83BE-D1DD24BAE5AE}.Debug|Any CPU.Build.0 = Debug|Any CPU
		{8DB80E3E-1B7E-4F6F-83BE-D1DD24BAE5AE}.Release|Any CPU.ActiveCfg = Release|Any CPU
		{8DB80E3E-1B7E-4F6F-83BE-D1DD24BAE5AE}.Release|Any CPU.Build.0 = Release|Any CPU
		{198A2ABF-1CB7-4172-A700-DC36C2D63B44}.Debug|Any CPU.ActiveCfg = Debug|Any CPU
		{198A2ABF-1CB7-4172-A700-DC36C2D63B44}.Debug|Any CPU.Build.0 = Debug|Any CPU
		{198A2ABF-1CB7-4172-A700-DC36C2D63B44}.Release|Any CPU.ActiveCfg = Release|Any CPU
		{198A2ABF-1CB7-4172-A700-DC36C2D63B44}.Release|Any CPU.Build.0 = Release|Any CPU
	EndGlobalSection
	GlobalSection(SolutionProperties) = preSolution
		HideSolutionNode = FALSE
	EndGlobalSection
	GlobalSection(ExtensibilityGlobals) = postSolution
		SolutionGuid = {3428BB24-FA8E-43C0-BB7A-018DD481632B}
	EndGlobalSection
EndGlobal
